
Microsoft Visual Studio Solution File, Format Version 12.00
# Visual Studio 15
VisualStudioVersion = 15.0.26730.16
MinimumVisualStudioVersion = 10.0.40219.1
Project("{8BC9CEB8-8B4A-11D0-8D11-00A0C91BC942}") = "CppTest", "CppTest\CppTest.vcxproj", "{D0867A8A-8044-45F8-ADBA-B7DCD10CC5A7}"
EndProject
Project("{8BC9CEB8-8B4A-11D0-8D11-00A0C91BC942}") = "FunctionalTest", "FunctionalTest\FunctionalTest.vcxproj", "{321A52F2-DB4A-411A-AF6A-281647EE2F53}"
EndProject
Project("{8BC9CEB8-8B4A-11D0-8D11-00A0C91BC942}") = "ChronoTest", "ChronoTest\ChronoTest.vcxproj", "{62ECDC86-9AAA-4BF1-933B-38A95AAA1A17}"
EndProject
Global
	GlobalSection(SolutionConfigurationPlatforms) = preSolution
		Debug|x64 = Debug|x64
		Debug|x86 = Debug|x86
		Release|x64 = Release|x64
		Release|x86 = Release|x86
	EndGlobalSection
	GlobalSection(ProjectConfigurationPlatforms) = postSolution
		{D0867A8A-8044-45F8-ADBA-B7DCD10CC5A7}.Debug|x64.ActiveCfg = Debug|x64
		{D0867A8A-8044-45F8-ADBA-B7DCD10CC5A7}.Debug|x64.Build.0 = Debug|x64
		{D0867A8A-8044-45F8-ADBA-B7DCD10CC5A7}.Debug|x86.ActiveCfg = Debug|Win32
		{D0867A8A-8044-45F8-ADBA-B7DCD10CC5A7}.Debug|x86.Build.0 = Debug|Win32
		{D0867A8A-8044-45F8-ADBA-B7DCD10CC5A7}.Release|x64.ActiveCfg = Release|x64
		{D0867A8A-8044-45F8-ADBA-B7DCD10CC5A7}.Release|x64.Build.0 = Release|x64
		{D0867A8A-8044-45F8-ADBA-B7DCD10CC5A7}.Release|x86.ActiveCfg = Release|Win32
		{D0867A8A-8044-45F8-ADBA-B7DCD10CC5A7}.Release|x86.Build.0 = Release|Win32
		{321A52F2-DB4A-411A-AF6A-281647EE2F53}.Debug|x64.ActiveCfg = Debug|x64
		{321A52F2-DB4A-411A-AF6A-281647EE2F53}.Debug|x64.Build.0 = Debug|x64
		{321A52F2-DB4A-411A-AF6A-281647EE2F53}.Debug|x86.ActiveCfg = Debug|Win32
		{321A52F2-DB4A-411A-AF6A-281647EE2F53}.Debug|x86.Build.0 = Debug|Win32
		{321A52F2-DB4A-411A-AF6A-281647EE2F53}.Release|x64.ActiveCfg = Release|x64
		{321A52F2-DB4A-411A-AF6A-281647EE2F53}.Release|x64.Build.0 = Release|x64
		{321A52F2-DB4A-411A-AF6A-281647EE2F53}.Release|x86.ActiveCfg = Release|Win32
		{321A52F2-DB4A-411A-AF6A-281647EE2F53}.Release|x86.Build.0 = Release|Win32
		{62ECDC86-9AAA-4BF1-933B-38A95AAA1A17}.Debug|x64.ActiveCfg = Debug|x64
		{62ECDC86-9AAA-4BF1-933B-38A95AAA1A17}.Debug|x64.Build.0 = Debug|x64
		{62ECDC86-9AAA-4BF1-933B-38A95AAA1A17}.Debug|x86.ActiveCfg = Debug|Win32
		{62ECDC86-9AAA-4BF1-933B-38A95AAA1A17}.Debug|x86.Build.0 = Debug|Win32
		{62ECDC86-9AAA-4BF1-933B-38A95AAA1A17}.Release|x64.ActiveCfg = Release|x64
		{62ECDC86-9AAA-4BF1-933B-38A95AAA1A17}.Release|x64.Build.0 = Release|x64
		{62ECDC86-9AAA-4BF1-933B-38A95AAA1A17}.Release|x86.ActiveCfg = Release|Win32
		{62ECDC86-9AAA-4BF1-933B-38A95AAA1A17}.Release|x86.Build.0 = Release|Win32
	EndGlobalSection
	GlobalSection(SolutionProperties) = preSolution
		HideSolutionNode = FALSE
	EndGlobalSection
	GlobalSection(ExtensibilityGlobals) = postSolution
		SolutionGuid = {74FC886D-A5CD-43CD-B0E0-6EE2CAFEBC33}
	EndGlobalSection
EndGlobal
