
Microsoft Visual Studio Solution File, Format Version 12.00
# Visual Studio 15
VisualStudioVersion = 15.0.26730.16
MinimumVisualStudioVersion = 10.0.40219.1
Project("{8BC9CEB8-8B4A-11D0-8D11-00A0C91BC942}") = "CppTest", "CppTest\CppTest.vcxproj", "{D0867A8A-8044-45F8-ADBA-B7DCD10CC5A7}"
EndProject
Project("{8BC9CEB8-8B4A-11D0-8D11-00A0C91BC942}") = "FunctionalTest", "FunctionalTest\FunctionalTest.vcxproj", "{321A52F2-DB4A-411A-AF6A-281647EE2F53}"
EndProject
Project("{8BC9CEB8-8B4A-11D0-8D11-00A0C91BC942}") = "ChronoTest", "ChronoTest\ChronoTest.vcxproj", "{62ECDC86-9AAA-4BF1-933B-38A95AAA1A17}"
EndProject
Project("{8BC9CEB8-8B4A-11D0-8D11-00A0C91BC942}") = "MapStringTest", "MapStringTest\MapStringTest.vcxproj", "{C5174F61-3C49-495B-805A-8E8EFECDCBC4}"
EndProject
Project("{8BC9CEB8-8B4A-11D0-8D11-00A0C91BC942}") = "AutoTest", "AutoTest\AutoTest.vcxproj", "{15E113AB-00DD-4131-AF53-F9775F925C93}"
EndProject
Project("{8BC9CEB8-8B4A-11D0-8D11-00A0C91BC942}") = "TemplateTest", "TemplateTest\TemplateTest.vcxproj", "{455B5DE9-2642-4AE5-92A2-A562FB7248A8}"
EndProject
Project("{8BC9CEB8-8B4A-11D0-8D11-00A0C91BC942}") = "DecltypeTest", "DecltypeTest\DecltypeTest.vcxproj", "{15837222-4665-4DEA-B0F3-E28655B58886}"
EndProject
Project("{8BC9CEB8-8B4A-11D0-8D11-00A0C91BC942}") = "CompileInfo", "CompileInfo\CompileInfo.vcxproj", "{C16ED8B5-D03A-4CF6-A277-7ACCFF8DF061}"
EndProject
Project("{8BC9CEB8-8B4A-11D0-8D11-00A0C91BC942}") = "FunctionTest", "FunctionTest\FunctionTest.vcxproj", "{ECB1F663-5D39-4AD8-A9D0-745366633165}"
EndProject
Global
	GlobalSection(SolutionConfigurationPlatforms) = preSolution
		Debug|x64 = Debug|x64
		Debug|x86 = Debug|x86
		Release|x64 = Release|x64
		Release|x86 = Release|x86
	EndGlobalSection
	GlobalSection(ProjectConfigurationPlatforms) = postSolution
		{D0867A8A-8044-45F8-ADBA-B7DCD10CC5A7}.Debug|x64.ActiveCfg = Debug|x64
		{D0867A8A-8044-45F8-ADBA-B7DCD10CC5A7}.Debug|x64.Build.0 = Debug|x64
		{D0867A8A-8044-45F8-ADBA-B7DCD10CC5A7}.Debug|x86.ActiveCfg = Debug|Win32
		{D0867A8A-8044-45F8-ADBA-B7DCD10CC5A7}.Debug|x86.Build.0 = Debug|Win32
		{D0867A8A-8044-45F8-ADBA-B7DCD10CC5A7}.Release|x64.ActiveCfg = Release|x64
		{D0867A8A-8044-45F8-ADBA-B7DCD10CC5A7}.Release|x64.Build.0 = Release|x64
		{D0867A8A-8044-45F8-ADBA-B7DCD10CC5A7}.Release|x86.ActiveCfg = Release|Win32
		{D0867A8A-8044-45F8-ADBA-B7DCD10CC5A7}.Release|x86.Build.0 = Release|Win32
		{321A52F2-DB4A-411A-AF6A-281647EE2F53}.Debug|x64.ActiveCfg = Debug|x64
		{321A52F2-DB4A-411A-AF6A-281647EE2F53}.Debug|x64.Build.0 = Debug|x64
		{321A52F2-DB4A-411A-AF6A-281647EE2F53}.Debug|x86.ActiveCfg = Debug|Win32
		{321A52F2-DB4A-411A-AF6A-281647EE2F53}.Debug|x86.Build.0 = Debug|Win32
		{321A52F2-DB4A-411A-AF6A-281647EE2F53}.Release|x64.ActiveCfg = Release|x64
		{321A52F2-DB4A-411A-AF6A-281647EE2F53}.Release|x64.Build.0 = Release|x64
		{321A52F2-DB4A-411A-AF6A-281647EE2F53}.Release|x86.ActiveCfg = Release|Win32
		{321A52F2-DB4A-411A-AF6A-281647EE2F53}.Release|x86.Build.0 = Release|Win32
		{62ECDC86-9AAA-4BF1-933B-38A95AAA1A17}.Debug|x64.ActiveCfg = Debug|x64
		{62ECDC86-9AAA-4BF1-933B-38A95AAA1A17}.Debug|x64.Build.0 = Debug|x64
		{62ECDC86-9AAA-4BF1-933B-38A95AAA1A17}.Debug|x86.ActiveCfg = Debug|Win32
		{62ECDC86-9AAA-4BF1-933B-38A95AAA1A17}.Debug|x86.Build.0 = Debug|Win32
		{62ECDC86-9AAA-4BF1-933B-38A95AAA1A17}.Release|x64.ActiveCfg = Release|x64
		{62ECDC86-9AAA-4BF1-933B-38A95AAA1A17}.Release|x64.Build.0 = Release|x64
		{62ECDC86-9AAA-4BF1-933B-38A95AAA1A17}.Release|x86.ActiveCfg = Release|Win32
		{62ECDC86-9AAA-4BF1-933B-38A95AAA1A17}.Release|x86.Build.0 = Release|Win32
		{C5174F61-3C49-495B-805A-8E8EFECDCBC4}.Debug|x64.ActiveCfg = Debug|x64
		{C5174F61-3C49-495B-805A-8E8EFECDCBC4}.Debug|x64.Build.0 = Debug|x64
		{C5174F61-3C49-495B-805A-8E8EFECDCBC4}.Debug|x86.ActiveCfg = Debug|Win32
		{C5174F61-3C49-495B-805A-8E8EFECDCBC4}.Debug|x86.Build.0 = Debug|Win32
		{C5174F61-3C49-495B-805A-8E8EFECDCBC4}.Release|x64.ActiveCfg = Release|x64
		{C5174F61-3C49-495B-805A-8E8EFECDCBC4}.Release|x64.Build.0 = Release|x64
		{C5174F61-3C49-495B-805A-8E8EFECDCBC4}.Release|x86.ActiveCfg = Release|Win32
		{C5174F61-3C49-495B-805A-8E8EFECDCBC4}.Release|x86.Build.0 = Release|Win32
		{15E113AB-00DD-4131-AF53-F9775F925C93}.Debug|x64.ActiveCfg = Debug|x64
		{15E113AB-00DD-4131-AF53-F9775F925C93}.Debug|x64.Build.0 = Debug|x64
		{15E113AB-00DD-4131-AF53-F9775F925C93}.Debug|x86.ActiveCfg = Debug|Win32
		{15E113AB-00DD-4131-AF53-F9775F925C93}.Debug|x86.Build.0 = Debug|Win32
		{15E113AB-00DD-4131-AF53-F9775F925C93}.Release|x64.ActiveCfg = Release|x64
		{15E113AB-00DD-4131-AF53-F9775F925C93}.Release|x64.Build.0 = Release|x64
		{15E113AB-00DD-4131-AF53-F9775F925C93}.Release|x86.ActiveCfg = Release|Win32
		{15E113AB-00DD-4131-AF53-F9775F925C93}.Release|x86.Build.0 = Release|Win32
		{455B5DE9-2642-4AE5-92A2-A562FB7248A8}.Debug|x64.ActiveCfg = Debug|x64
		{455B5DE9-2642-4AE5-92A2-A562FB7248A8}.Debug|x64.Build.0 = Debug|x64
		{455B5DE9-2642-4AE5-92A2-A562FB7248A8}.Debug|x86.ActiveCfg = Debug|Win32
		{455B5DE9-2642-4AE5-92A2-A562FB7248A8}.Debug|x86.Build.0 = Debug|Win32
		{455B5DE9-2642-4AE5-92A2-A562FB7248A8}.Release|x64.ActiveCfg = Release|x64
		{455B5DE9-2642-4AE5-92A2-A562FB7248A8}.Release|x64.Build.0 = Release|x64
		{455B5DE9-2642-4AE5-92A2-A562FB7248A8}.Release|x86.ActiveCfg = Release|Win32
		{455B5DE9-2642-4AE5-92A2-A562FB7248A8}.Release|x86.Build.0 = Release|Win32
		{15837222-4665-4DEA-B0F3-E28655B58886}.Debug|x64.ActiveCfg = Debug|x64
		{15837222-4665-4DEA-B0F3-E28655B58886}.Debug|x64.Build.0 = Debug|x64
		{15837222-4665-4DEA-B0F3-E28655B58886}.Debug|x86.ActiveCfg = Debug|Win32
		{15837222-4665-4DEA-B0F3-E28655B58886}.Debug|x86.Build.0 = Debug|Win32
		{15837222-4665-4DEA-B0F3-E28655B58886}.Release|x64.ActiveCfg = Release|x64
		{15837222-4665-4DEA-B0F3-E28655B58886}.Release|x64.Build.0 = Release|x64
		{15837222-4665-4DEA-B0F3-E28655B58886}.Release|x86.ActiveCfg = Release|Win32
		{15837222-4665-4DEA-B0F3-E28655B58886}.Release|x86.Build.0 = Release|Win32
		{C16ED8B5-D03A-4CF6-A277-7ACCFF8DF061}.Debug|x64.ActiveCfg = Debug|x64
		{C16ED8B5-D03A-4CF6-A277-7ACCFF8DF061}.Debug|x64.Build.0 = Debug|x64
		{C16ED8B5-D03A-4CF6-A277-7ACCFF8DF061}.Debug|x86.ActiveCfg = Debug|Win32
		{C16ED8B5-D03A-4CF6-A277-7ACCFF8DF061}.Debug|x86.Build.0 = Debug|Win32
		{C16ED8B5-D03A-4CF6-A277-7ACCFF8DF061}.Release|x64.ActiveCfg = Release|x64
		{C16ED8B5-D03A-4CF6-A277-7ACCFF8DF061}.Release|x64.Build.0 = Release|x64
		{C16ED8B5-D03A-4CF6-A277-7ACCFF8DF061}.Release|x86.ActiveCfg = Release|Win32
		{C16ED8B5-D03A-4CF6-A277-7ACCFF8DF061}.Release|x86.Build.0 = Release|Win32
		{ECB1F663-5D39-4AD8-A9D0-745366633165}.Debug|x64.ActiveCfg = Debug|x64
		{ECB1F663-5D39-4AD8-A9D0-745366633165}.Debug|x64.Build.0 = Debug|x64
		{ECB1F663-5D39-4AD8-A9D0-745366633165}.Debug|x86.ActiveCfg = Debug|Win32
		{ECB1F663-5D39-4AD8-A9D0-745366633165}.Debug|x86.Build.0 = Debug|Win32
		{ECB1F663-5D39-4AD8-A9D0-745366633165}.Release|x64.ActiveCfg = Release|x64
		{ECB1F663-5D39-4AD8-A9D0-745366633165}.Release|x64.Build.0 = Release|x64
		{ECB1F663-5D39-4AD8-A9D0-745366633165}.Release|x86.ActiveCfg = Release|Win32
		{ECB1F663-5D39-4AD8-A9D0-745366633165}.Release|x86.Build.0 = Release|Win32
	EndGlobalSection
	GlobalSection(SolutionProperties) = preSolution
		HideSolutionNode = FALSE
	EndGlobalSection
	GlobalSection(ExtensibilityGlobals) = postSolution
		SolutionGuid = {74FC886D-A5CD-43CD-B0E0-6EE2CAFEBC33}
	EndGlobalSection
EndGlobal
