
Microsoft Visual Studio Solution File, Format Version 12.00
# Visual Studio 15
VisualStudioVersion = 15.0.26730.16
MinimumVisualStudioVersion = 10.0.40219.1
Project("{8BC9CEB8-8B4A-11D0-8D11-00A0C91BC942}") = "FunctionalTest", "FunctionalTest\FunctionalTest.vcxproj", "{321A52F2-DB4A-411A-AF6A-281647EE2F53}"
EndProject
Project("{8BC9CEB8-8B4A-11D0-8D11-00A0C91BC942}") = "ChronoTest", "ChronoTest\ChronoTest.vcxproj", "{62ECDC86-9AAA-4BF1-933B-38A95AAA1A17}"
EndProject
Project("{8BC9CEB8-8B4A-11D0-8D11-00A0C91BC942}") = "MapStringTest", "MapStringTest\MapStringTest.vcxproj", "{C5174F61-3C49-495B-805A-8E8EFECDCBC4}"
EndProject
Project("{8BC9CEB8-8B4A-11D0-8D11-00A0C91BC942}") = "AutoTest", "AutoTest\AutoTest.vcxproj", "{15E113AB-00DD-4131-AF53-F9775F925C93}"
EndProject
Project("{8BC9CEB8-8B4A-11D0-8D11-00A0C91BC942}") = "DecltypeTest", "DecltypeTest\DecltypeTest.vcxproj", "{15837222-4665-4DEA-B0F3-E28655B58886}"
EndProject
Project("{8BC9CEB8-8B4A-11D0-8D11-00A0C91BC942}") = "CompileInfo", "CompileInfo\CompileInfo.vcxproj", "{C16ED8B5-D03A-4CF6-A277-7ACCFF8DF061}"
EndProject
Project("{8BC9CEB8-8B4A-11D0-8D11-00A0C91BC942}") = "FunctionTest", "FunctionTest\FunctionTest.vcxproj", "{ECB1F663-5D39-4AD8-A9D0-745366633165}"
EndProject
Project("{8BC9CEB8-8B4A-11D0-8D11-00A0C91BC942}") = "ThreadTest", "ThreadTest\ThreadTest.vcxproj", "{9EC2293D-6CDD-434F-86CF-69291B1EEC00}"
EndProject
Project("{8BC9CEB8-8B4A-11D0-8D11-00A0C91BC942}") = "ThreadAsyncTest", "ThreadAsyncTest\ThreadAsyncTest.vcxproj", "{4C1493EE-DDFF-47B3-BE79-70E3E98AC885}"
EndProject
Project("{8BC9CEB8-8B4A-11D0-8D11-00A0C91BC942}") = "ThreadCoreNumTest", "ThreadCoreNumTest\ThreadCoreNumTest.vcxproj", "{DF85C8E5-0E28-4B14-9FCE-E23C4E645920}"
EndProject
Project("{8BC9CEB8-8B4A-11D0-8D11-00A0C91BC942}") = "ObjectMakingTest", "ObjectMakingTest\ObjectMakingTest.vcxproj", "{E0F0B1DF-27E5-46EB-BBD0-2EDAE857225F}"
EndProject
Project("{8BC9CEB8-8B4A-11D0-8D11-00A0C91BC942}") = "ConstIterator", "ConstIterator\ConstIterator.vcxproj", "{84EE6D8A-777A-4E5A-AE8D-B4E78ED21E7B}"
EndProject
Project("{8BC9CEB8-8B4A-11D0-8D11-00A0C91BC942}") = "Noexcept", "Noexcept\Noexcept.vcxproj", "{6DEB94BD-A302-4420-AF1A-A3BBAC6862F6}"
EndProject
Project("{8BC9CEB8-8B4A-11D0-8D11-00A0C91BC942}") = "Constexpr", "Constexpr\Constexpr.vcxproj", "{5856A23E-F9AE-4230-BE83-56AD018C7EED}"
EndProject
Project("{8BC9CEB8-8B4A-11D0-8D11-00A0C91BC942}") = "SmartPtrTest", "SmartPtrTest\SmartPtrTest.vcxproj", "{02454F48-D942-4677-A063-BD80F98E46F4}"
EndProject
Project("{8BC9CEB8-8B4A-11D0-8D11-00A0C91BC942}") = "ForwardOverlord", "ForwardOverlord\ForwardOverlord.vcxproj", "{E5F28BC0-CB37-44F2-94FE-B74634BC6539}"
EndProject
Project("{8BC9CEB8-8B4A-11D0-8D11-00A0C91BC942}") = "ForwardFunc", "ForwardFunc\ForwardFunc.vcxproj", "{98D014B2-6661-4BB7-BD6A-1B7645DF6B5C}"
EndProject
Project("{8BC9CEB8-8B4A-11D0-8D11-00A0C91BC942}") = "ConstThreadSafe", "ConstThreadSafe\ConstThreadSafe.vcxproj", "{856F627B-5600-4746-8266-57E1FAD1EAA3}"
EndProject
Project("{8BC9CEB8-8B4A-11D0-8D11-00A0C91BC942}") = "DynamicCastTest", "DynamicCastTest\DynamicCastTest.vcxproj", "{EAF13F08-6B1B-4E31-9773-AD96EBA9B01B}"
EndProject
Project("{8BC9CEB8-8B4A-11D0-8D11-00A0C91BC942}") = "_MainOnly", "_MainOnly\_MainOnly.vcxproj", "{B9B26F61-3684-4325-A065-ED54CAAD62F7}"
EndProject
Project("{8BC9CEB8-8B4A-11D0-8D11-00A0C91BC942}") = "UniversalReferenceAndOverload", "UniversalReferenceAndOverload\UniversalReferenceAndOverload.vcxproj", "{AB271BCE-5E55-4FC4-8470-757BDF276949}"
EndProject
Project("{8BC9CEB8-8B4A-11D0-8D11-00A0C91BC942}") = "UniversalReferenceAndConstructor", "UniversalReferenceAndConstructor\UniversalReferenceAndConstructor.vcxproj", "{ABDB86D7-1DAF-4A2F-946D-C97764BABFF8}"
EndProject
Project("{8BC9CEB8-8B4A-11D0-8D11-00A0C91BC942}") = "UniversalReferenceAndConstructor2", "UniversalReferenceAndConstructor2\UniversalReferenceAndConstructor2.vcxproj", "{433B6D5A-49FE-4553-B821-9B48A95B0B93}"
EndProject
Project("{8BC9CEB8-8B4A-11D0-8D11-00A0C91BC942}") = "UniversalReferenceAndOverload2", "UniversalReferenceAndOverload2\UniversalReferenceAndOverload2.vcxproj", "{898BA502-2006-4A51-9FA3-700B45D0C4AD}"
EndProject
Project("{8BC9CEB8-8B4A-11D0-8D11-00A0C91BC942}") = "UniversalReferenceTest", "UniversalReferenceTest\UniversalReferenceTest.vcxproj", "{0E8FD149-E3C7-4F45-BB61-B692F3890CA9}"
EndProject
Project("{8BC9CEB8-8B4A-11D0-8D11-00A0C91BC942}") = "PerfectForwarding", "PerfectForwarding\PerfectForwarding.vcxproj", "{B2BF97F2-68E9-4529-B672-0E6885159FEE}"
EndProject
Project("{8BC9CEB8-8B4A-11D0-8D11-00A0C91BC942}") = "Lambda", "Lambda\Lambda.vcxproj", "{3E3530D2-B599-4C56-9AD9-F5B174082ABB}"
EndProject
Project("{8BC9CEB8-8B4A-11D0-8D11-00A0C91BC942}") = "LambdaAndMove", "LambdaAndMove\LambdaAndMove.vcxproj", "{99DD2EA3-8DC5-4403-8C4D-8A7936078383}"
EndProject
Project("{8BC9CEB8-8B4A-11D0-8D11-00A0C91BC942}") = "LambdaForward", "LambdaForward\LambdaForward.vcxproj", "{FFB5F0DC-C9E3-4511-B111-2A1CD333CC58}"
EndProject
Project("{8BC9CEB8-8B4A-11D0-8D11-00A0C91BC942}") = "SetPtrFromUniqurPtrArray", "SetPtrFromUniqurPtrArray\SetPtrFromUniqurPtrArray.vcxproj", "{AD882E43-B5E1-4C20-A344-AB261F0E228B}"
EndProject
Global
	GlobalSection(SolutionConfigurationPlatforms) = preSolution
		Debug|x64 = Debug|x64
		Debug|x86 = Debug|x86
		Release|x64 = Release|x64
		Release|x86 = Release|x86
	EndGlobalSection
	GlobalSection(ProjectConfigurationPlatforms) = postSolution
		{321A52F2-DB4A-411A-AF6A-281647EE2F53}.Debug|x64.ActiveCfg = Debug|x64
		{321A52F2-DB4A-411A-AF6A-281647EE2F53}.Debug|x64.Build.0 = Debug|x64
		{321A52F2-DB4A-411A-AF6A-281647EE2F53}.Debug|x86.ActiveCfg = Debug|Win32
		{321A52F2-DB4A-411A-AF6A-281647EE2F53}.Debug|x86.Build.0 = Debug|Win32
		{321A52F2-DB4A-411A-AF6A-281647EE2F53}.Release|x64.ActiveCfg = Release|x64
		{321A52F2-DB4A-411A-AF6A-281647EE2F53}.Release|x64.Build.0 = Release|x64
		{321A52F2-DB4A-411A-AF6A-281647EE2F53}.Release|x86.ActiveCfg = Release|Win32
		{321A52F2-DB4A-411A-AF6A-281647EE2F53}.Release|x86.Build.0 = Release|Win32
		{62ECDC86-9AAA-4BF1-933B-38A95AAA1A17}.Debug|x64.ActiveCfg = Debug|x64
		{62ECDC86-9AAA-4BF1-933B-38A95AAA1A17}.Debug|x64.Build.0 = Debug|x64
		{62ECDC86-9AAA-4BF1-933B-38A95AAA1A17}.Debug|x86.ActiveCfg = Debug|Win32
		{62ECDC86-9AAA-4BF1-933B-38A95AAA1A17}.Debug|x86.Build.0 = Debug|Win32
		{62ECDC86-9AAA-4BF1-933B-38A95AAA1A17}.Release|x64.ActiveCfg = Release|x64
		{62ECDC86-9AAA-4BF1-933B-38A95AAA1A17}.Release|x64.Build.0 = Release|x64
		{62ECDC86-9AAA-4BF1-933B-38A95AAA1A17}.Release|x86.ActiveCfg = Release|Win32
		{62ECDC86-9AAA-4BF1-933B-38A95AAA1A17}.Release|x86.Build.0 = Release|Win32
		{C5174F61-3C49-495B-805A-8E8EFECDCBC4}.Debug|x64.ActiveCfg = Debug|x64
		{C5174F61-3C49-495B-805A-8E8EFECDCBC4}.Debug|x64.Build.0 = Debug|x64
		{C5174F61-3C49-495B-805A-8E8EFECDCBC4}.Debug|x86.ActiveCfg = Debug|Win32
		{C5174F61-3C49-495B-805A-8E8EFECDCBC4}.Debug|x86.Build.0 = Debug|Win32
		{C5174F61-3C49-495B-805A-8E8EFECDCBC4}.Release|x64.ActiveCfg = Release|x64
		{C5174F61-3C49-495B-805A-8E8EFECDCBC4}.Release|x64.Build.0 = Release|x64
		{C5174F61-3C49-495B-805A-8E8EFECDCBC4}.Release|x86.ActiveCfg = Release|Win32
		{C5174F61-3C49-495B-805A-8E8EFECDCBC4}.Release|x86.Build.0 = Release|Win32
		{15E113AB-00DD-4131-AF53-F9775F925C93}.Debug|x64.ActiveCfg = Debug|x64
		{15E113AB-00DD-4131-AF53-F9775F925C93}.Debug|x64.Build.0 = Debug|x64
		{15E113AB-00DD-4131-AF53-F9775F925C93}.Debug|x86.ActiveCfg = Debug|Win32
		{15E113AB-00DD-4131-AF53-F9775F925C93}.Debug|x86.Build.0 = Debug|Win32
		{15E113AB-00DD-4131-AF53-F9775F925C93}.Release|x64.ActiveCfg = Release|x64
		{15E113AB-00DD-4131-AF53-F9775F925C93}.Release|x64.Build.0 = Release|x64
		{15E113AB-00DD-4131-AF53-F9775F925C93}.Release|x86.ActiveCfg = Release|Win32
		{15E113AB-00DD-4131-AF53-F9775F925C93}.Release|x86.Build.0 = Release|Win32
		{15837222-4665-4DEA-B0F3-E28655B58886}.Debug|x64.ActiveCfg = Debug|x64
		{15837222-4665-4DEA-B0F3-E28655B58886}.Debug|x64.Build.0 = Debug|x64
		{15837222-4665-4DEA-B0F3-E28655B58886}.Debug|x86.ActiveCfg = Debug|Win32
		{15837222-4665-4DEA-B0F3-E28655B58886}.Debug|x86.Build.0 = Debug|Win32
		{15837222-4665-4DEA-B0F3-E28655B58886}.Release|x64.ActiveCfg = Release|x64
		{15837222-4665-4DEA-B0F3-E28655B58886}.Release|x64.Build.0 = Release|x64
		{15837222-4665-4DEA-B0F3-E28655B58886}.Release|x86.ActiveCfg = Release|Win32
		{15837222-4665-4DEA-B0F3-E28655B58886}.Release|x86.Build.0 = Release|Win32
		{C16ED8B5-D03A-4CF6-A277-7ACCFF8DF061}.Debug|x64.ActiveCfg = Debug|x64
		{C16ED8B5-D03A-4CF6-A277-7ACCFF8DF061}.Debug|x64.Build.0 = Debug|x64
		{C16ED8B5-D03A-4CF6-A277-7ACCFF8DF061}.Debug|x86.ActiveCfg = Debug|Win32
		{C16ED8B5-D03A-4CF6-A277-7ACCFF8DF061}.Debug|x86.Build.0 = Debug|Win32
		{C16ED8B5-D03A-4CF6-A277-7ACCFF8DF061}.Release|x64.ActiveCfg = Release|x64
		{C16ED8B5-D03A-4CF6-A277-7ACCFF8DF061}.Release|x64.Build.0 = Release|x64
		{C16ED8B5-D03A-4CF6-A277-7ACCFF8DF061}.Release|x86.ActiveCfg = Release|Win32
		{C16ED8B5-D03A-4CF6-A277-7ACCFF8DF061}.Release|x86.Build.0 = Release|Win32
		{ECB1F663-5D39-4AD8-A9D0-745366633165}.Debug|x64.ActiveCfg = Debug|x64
		{ECB1F663-5D39-4AD8-A9D0-745366633165}.Debug|x64.Build.0 = Debug|x64
		{ECB1F663-5D39-4AD8-A9D0-745366633165}.Debug|x86.ActiveCfg = Debug|Win32
		{ECB1F663-5D39-4AD8-A9D0-745366633165}.Debug|x86.Build.0 = Debug|Win32
		{ECB1F663-5D39-4AD8-A9D0-745366633165}.Release|x64.ActiveCfg = Release|x64
		{ECB1F663-5D39-4AD8-A9D0-745366633165}.Release|x64.Build.0 = Release|x64
		{ECB1F663-5D39-4AD8-A9D0-745366633165}.Release|x86.ActiveCfg = Release|Win32
		{ECB1F663-5D39-4AD8-A9D0-745366633165}.Release|x86.Build.0 = Release|Win32
		{9EC2293D-6CDD-434F-86CF-69291B1EEC00}.Debug|x64.ActiveCfg = Debug|x64
		{9EC2293D-6CDD-434F-86CF-69291B1EEC00}.Debug|x64.Build.0 = Debug|x64
		{9EC2293D-6CDD-434F-86CF-69291B1EEC00}.Debug|x86.ActiveCfg = Debug|Win32
		{9EC2293D-6CDD-434F-86CF-69291B1EEC00}.Debug|x86.Build.0 = Debug|Win32
		{9EC2293D-6CDD-434F-86CF-69291B1EEC00}.Release|x64.ActiveCfg = Release|x64
		{9EC2293D-6CDD-434F-86CF-69291B1EEC00}.Release|x64.Build.0 = Release|x64
		{9EC2293D-6CDD-434F-86CF-69291B1EEC00}.Release|x86.ActiveCfg = Release|Win32
		{9EC2293D-6CDD-434F-86CF-69291B1EEC00}.Release|x86.Build.0 = Release|Win32
		{4C1493EE-DDFF-47B3-BE79-70E3E98AC885}.Debug|x64.ActiveCfg = Debug|x64
		{4C1493EE-DDFF-47B3-BE79-70E3E98AC885}.Debug|x64.Build.0 = Debug|x64
		{4C1493EE-DDFF-47B3-BE79-70E3E98AC885}.Debug|x86.ActiveCfg = Debug|Win32
		{4C1493EE-DDFF-47B3-BE79-70E3E98AC885}.Debug|x86.Build.0 = Debug|Win32
		{4C1493EE-DDFF-47B3-BE79-70E3E98AC885}.Release|x64.ActiveCfg = Release|x64
		{4C1493EE-DDFF-47B3-BE79-70E3E98AC885}.Release|x64.Build.0 = Release|x64
		{4C1493EE-DDFF-47B3-BE79-70E3E98AC885}.Release|x86.ActiveCfg = Release|Win32
		{4C1493EE-DDFF-47B3-BE79-70E3E98AC885}.Release|x86.Build.0 = Release|Win32
		{DF85C8E5-0E28-4B14-9FCE-E23C4E645920}.Debug|x64.ActiveCfg = Debug|x64
		{DF85C8E5-0E28-4B14-9FCE-E23C4E645920}.Debug|x64.Build.0 = Debug|x64
		{DF85C8E5-0E28-4B14-9FCE-E23C4E645920}.Debug|x86.ActiveCfg = Debug|Win32
		{DF85C8E5-0E28-4B14-9FCE-E23C4E645920}.Debug|x86.Build.0 = Debug|Win32
		{DF85C8E5-0E28-4B14-9FCE-E23C4E645920}.Release|x64.ActiveCfg = Release|x64
		{DF85C8E5-0E28-4B14-9FCE-E23C4E645920}.Release|x64.Build.0 = Release|x64
		{DF85C8E5-0E28-4B14-9FCE-E23C4E645920}.Release|x86.ActiveCfg = Release|Win32
		{DF85C8E5-0E28-4B14-9FCE-E23C4E645920}.Release|x86.Build.0 = Release|Win32
		{E0F0B1DF-27E5-46EB-BBD0-2EDAE857225F}.Debug|x64.ActiveCfg = Debug|x64
		{E0F0B1DF-27E5-46EB-BBD0-2EDAE857225F}.Debug|x64.Build.0 = Debug|x64
		{E0F0B1DF-27E5-46EB-BBD0-2EDAE857225F}.Debug|x86.ActiveCfg = Debug|Win32
		{E0F0B1DF-27E5-46EB-BBD0-2EDAE857225F}.Debug|x86.Build.0 = Debug|Win32
		{E0F0B1DF-27E5-46EB-BBD0-2EDAE857225F}.Release|x64.ActiveCfg = Release|x64
		{E0F0B1DF-27E5-46EB-BBD0-2EDAE857225F}.Release|x64.Build.0 = Release|x64
		{E0F0B1DF-27E5-46EB-BBD0-2EDAE857225F}.Release|x86.ActiveCfg = Release|Win32
		{E0F0B1DF-27E5-46EB-BBD0-2EDAE857225F}.Release|x86.Build.0 = Release|Win32
		{84EE6D8A-777A-4E5A-AE8D-B4E78ED21E7B}.Debug|x64.ActiveCfg = Debug|x64
		{84EE6D8A-777A-4E5A-AE8D-B4E78ED21E7B}.Debug|x64.Build.0 = Debug|x64
		{84EE6D8A-777A-4E5A-AE8D-B4E78ED21E7B}.Debug|x86.ActiveCfg = Debug|Win32
		{84EE6D8A-777A-4E5A-AE8D-B4E78ED21E7B}.Debug|x86.Build.0 = Debug|Win32
		{84EE6D8A-777A-4E5A-AE8D-B4E78ED21E7B}.Release|x64.ActiveCfg = Release|x64
		{84EE6D8A-777A-4E5A-AE8D-B4E78ED21E7B}.Release|x64.Build.0 = Release|x64
		{84EE6D8A-777A-4E5A-AE8D-B4E78ED21E7B}.Release|x86.ActiveCfg = Release|Win32
		{84EE6D8A-777A-4E5A-AE8D-B4E78ED21E7B}.Release|x86.Build.0 = Release|Win32
		{6DEB94BD-A302-4420-AF1A-A3BBAC6862F6}.Debug|x64.ActiveCfg = Debug|x64
		{6DEB94BD-A302-4420-AF1A-A3BBAC6862F6}.Debug|x64.Build.0 = Debug|x64
		{6DEB94BD-A302-4420-AF1A-A3BBAC6862F6}.Debug|x86.ActiveCfg = Debug|Win32
		{6DEB94BD-A302-4420-AF1A-A3BBAC6862F6}.Debug|x86.Build.0 = Debug|Win32
		{6DEB94BD-A302-4420-AF1A-A3BBAC6862F6}.Release|x64.ActiveCfg = Release|x64
		{6DEB94BD-A302-4420-AF1A-A3BBAC6862F6}.Release|x64.Build.0 = Release|x64
		{6DEB94BD-A302-4420-AF1A-A3BBAC6862F6}.Release|x86.ActiveCfg = Release|Win32
		{6DEB94BD-A302-4420-AF1A-A3BBAC6862F6}.Release|x86.Build.0 = Release|Win32
		{5856A23E-F9AE-4230-BE83-56AD018C7EED}.Debug|x64.ActiveCfg = Debug|x64
		{5856A23E-F9AE-4230-BE83-56AD018C7EED}.Debug|x64.Build.0 = Debug|x64
		{5856A23E-F9AE-4230-BE83-56AD018C7EED}.Debug|x86.ActiveCfg = Debug|Win32
		{5856A23E-F9AE-4230-BE83-56AD018C7EED}.Debug|x86.Build.0 = Debug|Win32
		{5856A23E-F9AE-4230-BE83-56AD018C7EED}.Release|x64.ActiveCfg = Release|x64
		{5856A23E-F9AE-4230-BE83-56AD018C7EED}.Release|x64.Build.0 = Release|x64
		{5856A23E-F9AE-4230-BE83-56AD018C7EED}.Release|x86.ActiveCfg = Release|Win32
		{5856A23E-F9AE-4230-BE83-56AD018C7EED}.Release|x86.Build.0 = Release|Win32
		{02454F48-D942-4677-A063-BD80F98E46F4}.Debug|x64.ActiveCfg = Debug|x64
		{02454F48-D942-4677-A063-BD80F98E46F4}.Debug|x64.Build.0 = Debug|x64
		{02454F48-D942-4677-A063-BD80F98E46F4}.Debug|x86.ActiveCfg = Debug|Win32
		{02454F48-D942-4677-A063-BD80F98E46F4}.Debug|x86.Build.0 = Debug|Win32
		{02454F48-D942-4677-A063-BD80F98E46F4}.Release|x64.ActiveCfg = Release|x64
		{02454F48-D942-4677-A063-BD80F98E46F4}.Release|x64.Build.0 = Release|x64
		{02454F48-D942-4677-A063-BD80F98E46F4}.Release|x86.ActiveCfg = Release|Win32
		{02454F48-D942-4677-A063-BD80F98E46F4}.Release|x86.Build.0 = Release|Win32
		{E5F28BC0-CB37-44F2-94FE-B74634BC6539}.Debug|x64.ActiveCfg = Debug|x64
		{E5F28BC0-CB37-44F2-94FE-B74634BC6539}.Debug|x64.Build.0 = Debug|x64
		{E5F28BC0-CB37-44F2-94FE-B74634BC6539}.Debug|x86.ActiveCfg = Debug|Win32
		{E5F28BC0-CB37-44F2-94FE-B74634BC6539}.Debug|x86.Build.0 = Debug|Win32
		{E5F28BC0-CB37-44F2-94FE-B74634BC6539}.Release|x64.ActiveCfg = Release|x64
		{E5F28BC0-CB37-44F2-94FE-B74634BC6539}.Release|x64.Build.0 = Release|x64
		{E5F28BC0-CB37-44F2-94FE-B74634BC6539}.Release|x86.ActiveCfg = Release|Win32
		{E5F28BC0-CB37-44F2-94FE-B74634BC6539}.Release|x86.Build.0 = Release|Win32
		{98D014B2-6661-4BB7-BD6A-1B7645DF6B5C}.Debug|x64.ActiveCfg = Debug|x64
		{98D014B2-6661-4BB7-BD6A-1B7645DF6B5C}.Debug|x64.Build.0 = Debug|x64
		{98D014B2-6661-4BB7-BD6A-1B7645DF6B5C}.Debug|x86.ActiveCfg = Debug|Win32
		{98D014B2-6661-4BB7-BD6A-1B7645DF6B5C}.Debug|x86.Build.0 = Debug|Win32
		{98D014B2-6661-4BB7-BD6A-1B7645DF6B5C}.Release|x64.ActiveCfg = Release|x64
		{98D014B2-6661-4BB7-BD6A-1B7645DF6B5C}.Release|x64.Build.0 = Release|x64
		{98D014B2-6661-4BB7-BD6A-1B7645DF6B5C}.Release|x86.ActiveCfg = Release|Win32
		{98D014B2-6661-4BB7-BD6A-1B7645DF6B5C}.Release|x86.Build.0 = Release|Win32
		{856F627B-5600-4746-8266-57E1FAD1EAA3}.Debug|x64.ActiveCfg = Debug|x64
		{856F627B-5600-4746-8266-57E1FAD1EAA3}.Debug|x64.Build.0 = Debug|x64
		{856F627B-5600-4746-8266-57E1FAD1EAA3}.Debug|x86.ActiveCfg = Debug|Win32
		{856F627B-5600-4746-8266-57E1FAD1EAA3}.Debug|x86.Build.0 = Debug|Win32
		{856F627B-5600-4746-8266-57E1FAD1EAA3}.Release|x64.ActiveCfg = Release|x64
		{856F627B-5600-4746-8266-57E1FAD1EAA3}.Release|x64.Build.0 = Release|x64
		{856F627B-5600-4746-8266-57E1FAD1EAA3}.Release|x86.ActiveCfg = Release|Win32
		{856F627B-5600-4746-8266-57E1FAD1EAA3}.Release|x86.Build.0 = Release|Win32
		{EAF13F08-6B1B-4E31-9773-AD96EBA9B01B}.Debug|x64.ActiveCfg = Debug|x64
		{EAF13F08-6B1B-4E31-9773-AD96EBA9B01B}.Debug|x64.Build.0 = Debug|x64
		{EAF13F08-6B1B-4E31-9773-AD96EBA9B01B}.Debug|x86.ActiveCfg = Debug|Win32
		{EAF13F08-6B1B-4E31-9773-AD96EBA9B01B}.Debug|x86.Build.0 = Debug|Win32
		{EAF13F08-6B1B-4E31-9773-AD96EBA9B01B}.Release|x64.ActiveCfg = Release|x64
		{EAF13F08-6B1B-4E31-9773-AD96EBA9B01B}.Release|x64.Build.0 = Release|x64
		{EAF13F08-6B1B-4E31-9773-AD96EBA9B01B}.Release|x86.ActiveCfg = Release|Win32
		{EAF13F08-6B1B-4E31-9773-AD96EBA9B01B}.Release|x86.Build.0 = Release|Win32
		{B9B26F61-3684-4325-A065-ED54CAAD62F7}.Debug|x64.ActiveCfg = Debug|x64
		{B9B26F61-3684-4325-A065-ED54CAAD62F7}.Debug|x64.Build.0 = Debug|x64
		{B9B26F61-3684-4325-A065-ED54CAAD62F7}.Debug|x86.ActiveCfg = Debug|Win32
		{B9B26F61-3684-4325-A065-ED54CAAD62F7}.Debug|x86.Build.0 = Debug|Win32
		{B9B26F61-3684-4325-A065-ED54CAAD62F7}.Release|x64.ActiveCfg = Release|x64
		{B9B26F61-3684-4325-A065-ED54CAAD62F7}.Release|x64.Build.0 = Release|x64
		{B9B26F61-3684-4325-A065-ED54CAAD62F7}.Release|x86.ActiveCfg = Release|Win32
		{B9B26F61-3684-4325-A065-ED54CAAD62F7}.Release|x86.Build.0 = Release|Win32
		{AB271BCE-5E55-4FC4-8470-757BDF276949}.Debug|x64.ActiveCfg = Debug|x64
		{AB271BCE-5E55-4FC4-8470-757BDF276949}.Debug|x64.Build.0 = Debug|x64
		{AB271BCE-5E55-4FC4-8470-757BDF276949}.Debug|x86.ActiveCfg = Debug|Win32
		{AB271BCE-5E55-4FC4-8470-757BDF276949}.Debug|x86.Build.0 = Debug|Win32
		{AB271BCE-5E55-4FC4-8470-757BDF276949}.Release|x64.ActiveCfg = Release|x64
		{AB271BCE-5E55-4FC4-8470-757BDF276949}.Release|x64.Build.0 = Release|x64
		{AB271BCE-5E55-4FC4-8470-757BDF276949}.Release|x86.ActiveCfg = Release|Win32
		{AB271BCE-5E55-4FC4-8470-757BDF276949}.Release|x86.Build.0 = Release|Win32
		{ABDB86D7-1DAF-4A2F-946D-C97764BABFF8}.Debug|x64.ActiveCfg = Debug|x64
		{ABDB86D7-1DAF-4A2F-946D-C97764BABFF8}.Debug|x64.Build.0 = Debug|x64
		{ABDB86D7-1DAF-4A2F-946D-C97764BABFF8}.Debug|x86.ActiveCfg = Debug|Win32
		{ABDB86D7-1DAF-4A2F-946D-C97764BABFF8}.Debug|x86.Build.0 = Debug|Win32
		{ABDB86D7-1DAF-4A2F-946D-C97764BABFF8}.Release|x64.ActiveCfg = Release|x64
		{ABDB86D7-1DAF-4A2F-946D-C97764BABFF8}.Release|x64.Build.0 = Release|x64
		{ABDB86D7-1DAF-4A2F-946D-C97764BABFF8}.Release|x86.ActiveCfg = Release|Win32
		{ABDB86D7-1DAF-4A2F-946D-C97764BABFF8}.Release|x86.Build.0 = Release|Win32
		{433B6D5A-49FE-4553-B821-9B48A95B0B93}.Debug|x64.ActiveCfg = Debug|x64
		{433B6D5A-49FE-4553-B821-9B48A95B0B93}.Debug|x64.Build.0 = Debug|x64
		{433B6D5A-49FE-4553-B821-9B48A95B0B93}.Debug|x86.ActiveCfg = Debug|Win32
		{433B6D5A-49FE-4553-B821-9B48A95B0B93}.Debug|x86.Build.0 = Debug|Win32
		{433B6D5A-49FE-4553-B821-9B48A95B0B93}.Release|x64.ActiveCfg = Release|x64
		{433B6D5A-49FE-4553-B821-9B48A95B0B93}.Release|x64.Build.0 = Release|x64
		{433B6D5A-49FE-4553-B821-9B48A95B0B93}.Release|x86.ActiveCfg = Release|Win32
		{433B6D5A-49FE-4553-B821-9B48A95B0B93}.Release|x86.Build.0 = Release|Win32
		{898BA502-2006-4A51-9FA3-700B45D0C4AD}.Debug|x64.ActiveCfg = Debug|x64
		{898BA502-2006-4A51-9FA3-700B45D0C4AD}.Debug|x64.Build.0 = Debug|x64
		{898BA502-2006-4A51-9FA3-700B45D0C4AD}.Debug|x86.ActiveCfg = Debug|Win32
		{898BA502-2006-4A51-9FA3-700B45D0C4AD}.Debug|x86.Build.0 = Debug|Win32
		{898BA502-2006-4A51-9FA3-700B45D0C4AD}.Release|x64.ActiveCfg = Release|x64
		{898BA502-2006-4A51-9FA3-700B45D0C4AD}.Release|x64.Build.0 = Release|x64
		{898BA502-2006-4A51-9FA3-700B45D0C4AD}.Release|x86.ActiveCfg = Release|Win32
		{898BA502-2006-4A51-9FA3-700B45D0C4AD}.Release|x86.Build.0 = Release|Win32
		{0E8FD149-E3C7-4F45-BB61-B692F3890CA9}.Debug|x64.ActiveCfg = Debug|x64
		{0E8FD149-E3C7-4F45-BB61-B692F3890CA9}.Debug|x64.Build.0 = Debug|x64
		{0E8FD149-E3C7-4F45-BB61-B692F3890CA9}.Debug|x86.ActiveCfg = Debug|Win32
		{0E8FD149-E3C7-4F45-BB61-B692F3890CA9}.Debug|x86.Build.0 = Debug|Win32
		{0E8FD149-E3C7-4F45-BB61-B692F3890CA9}.Release|x64.ActiveCfg = Release|x64
		{0E8FD149-E3C7-4F45-BB61-B692F3890CA9}.Release|x64.Build.0 = Release|x64
		{0E8FD149-E3C7-4F45-BB61-B692F3890CA9}.Release|x86.ActiveCfg = Release|Win32
		{0E8FD149-E3C7-4F45-BB61-B692F3890CA9}.Release|x86.Build.0 = Release|Win32
		{B2BF97F2-68E9-4529-B672-0E6885159FEE}.Debug|x64.ActiveCfg = Debug|x64
		{B2BF97F2-68E9-4529-B672-0E6885159FEE}.Debug|x64.Build.0 = Debug|x64
		{B2BF97F2-68E9-4529-B672-0E6885159FEE}.Debug|x86.ActiveCfg = Debug|Win32
		{B2BF97F2-68E9-4529-B672-0E6885159FEE}.Debug|x86.Build.0 = Debug|Win32
		{B2BF97F2-68E9-4529-B672-0E6885159FEE}.Release|x64.ActiveCfg = Release|x64
		{B2BF97F2-68E9-4529-B672-0E6885159FEE}.Release|x64.Build.0 = Release|x64
		{B2BF97F2-68E9-4529-B672-0E6885159FEE}.Release|x86.ActiveCfg = Release|Win32
		{B2BF97F2-68E9-4529-B672-0E6885159FEE}.Release|x86.Build.0 = Release|Win32
		{3E3530D2-B599-4C56-9AD9-F5B174082ABB}.Debug|x64.ActiveCfg = Debug|x64
		{3E3530D2-B599-4C56-9AD9-F5B174082ABB}.Debug|x64.Build.0 = Debug|x64
		{3E3530D2-B599-4C56-9AD9-F5B174082ABB}.Debug|x86.ActiveCfg = Debug|Win32
		{3E3530D2-B599-4C56-9AD9-F5B174082ABB}.Debug|x86.Build.0 = Debug|Win32
		{3E3530D2-B599-4C56-9AD9-F5B174082ABB}.Release|x64.ActiveCfg = Release|x64
		{3E3530D2-B599-4C56-9AD9-F5B174082ABB}.Release|x64.Build.0 = Release|x64
		{3E3530D2-B599-4C56-9AD9-F5B174082ABB}.Release|x86.ActiveCfg = Release|Win32
		{3E3530D2-B599-4C56-9AD9-F5B174082ABB}.Release|x86.Build.0 = Release|Win32
		{99DD2EA3-8DC5-4403-8C4D-8A7936078383}.Debug|x64.ActiveCfg = Debug|x64
		{99DD2EA3-8DC5-4403-8C4D-8A7936078383}.Debug|x64.Build.0 = Debug|x64
		{99DD2EA3-8DC5-4403-8C4D-8A7936078383}.Debug|x86.ActiveCfg = Debug|Win32
		{99DD2EA3-8DC5-4403-8C4D-8A7936078383}.Debug|x86.Build.0 = Debug|Win32
		{99DD2EA3-8DC5-4403-8C4D-8A7936078383}.Release|x64.ActiveCfg = Release|x64
		{99DD2EA3-8DC5-4403-8C4D-8A7936078383}.Release|x64.Build.0 = Release|x64
		{99DD2EA3-8DC5-4403-8C4D-8A7936078383}.Release|x86.ActiveCfg = Release|Win32
		{99DD2EA3-8DC5-4403-8C4D-8A7936078383}.Release|x86.Build.0 = Release|Win32
		{FFB5F0DC-C9E3-4511-B111-2A1CD333CC58}.Debug|x64.ActiveCfg = Debug|x64
		{FFB5F0DC-C9E3-4511-B111-2A1CD333CC58}.Debug|x64.Build.0 = Debug|x64
		{FFB5F0DC-C9E3-4511-B111-2A1CD333CC58}.Debug|x86.ActiveCfg = Debug|Win32
		{FFB5F0DC-C9E3-4511-B111-2A1CD333CC58}.Debug|x86.Build.0 = Debug|Win32
		{FFB5F0DC-C9E3-4511-B111-2A1CD333CC58}.Release|x64.ActiveCfg = Release|x64
		{FFB5F0DC-C9E3-4511-B111-2A1CD333CC58}.Release|x64.Build.0 = Release|x64
		{FFB5F0DC-C9E3-4511-B111-2A1CD333CC58}.Release|x86.ActiveCfg = Release|Win32
		{FFB5F0DC-C9E3-4511-B111-2A1CD333CC58}.Release|x86.Build.0 = Release|Win32
		{AD882E43-B5E1-4C20-A344-AB261F0E228B}.Debug|x64.ActiveCfg = Debug|x64
		{AD882E43-B5E1-4C20-A344-AB261F0E228B}.Debug|x64.Build.0 = Debug|x64
		{AD882E43-B5E1-4C20-A344-AB261F0E228B}.Debug|x86.ActiveCfg = Debug|Win32
		{AD882E43-B5E1-4C20-A344-AB261F0E228B}.Debug|x86.Build.0 = Debug|Win32
		{AD882E43-B5E1-4C20-A344-AB261F0E228B}.Release|x64.ActiveCfg = Release|x64
		{AD882E43-B5E1-4C20-A344-AB261F0E228B}.Release|x64.Build.0 = Release|x64
		{AD882E43-B5E1-4C20-A344-AB261F0E228B}.Release|x86.ActiveCfg = Release|Win32
		{AD882E43-B5E1-4C20-A344-AB261F0E228B}.Release|x86.Build.0 = Release|Win32
	EndGlobalSection
	GlobalSection(SolutionProperties) = preSolution
		HideSolutionNode = FALSE
	EndGlobalSection
	GlobalSection(ExtensibilityGlobals) = postSolution
		SolutionGuid = {74FC886D-A5CD-43CD-B0E0-6EE2CAFEBC33}
	EndGlobalSection
EndGlobal
